
Microsoft Visual Studio Solution File, Format Version 12.00
# Visual Studio Version 16
VisualStudioVersion = 16.0.31702.278
MinimumVisualStudioVersion = 10.0.40219.1
Project("{FAE04EC0-301F-11D3-BF4B-00C04F79EFBC}") = "InvestAPI", "InvestAPI\InvestAPI.csproj", "{1ADC0697-E164-48CF-9215-D1DA2253A47F}"
EndProject
Project("{FAE04EC0-301F-11D3-BF4B-00C04F79EFBC}") = "Invest.Repositories", "Invest.Repositories\Invest.Repositories.csproj", "{75EBA316-1988-4F15-A254-71C08F933A69}"
EndProject
Project("{FAE04EC0-301F-11D3-BF4B-00C04F79EFBC}") = "Invest.Entities", "Invest.Entities\Invest.Entities.csproj", "{89A06CAC-FEA3-4E48-99D2-D7D6E7E37AA7}"
EndProject
Project("{FAE04EC0-301F-11D3-BF4B-00C04F79EFBC}") = "Invest.Services", "Invest.Services\Invest.Services.csproj", "{03597B1B-1A16-44E7-BDF4-2BBA38F7A38A}"
EndProject
Global
	GlobalSection(SolutionConfigurationPlatforms) = preSolution
		Debug|Any CPU = Debug|Any CPU
		Release|Any CPU = Release|Any CPU
	EndGlobalSection
	GlobalSection(ProjectConfigurationPlatforms) = postSolution
		{1ADC0697-E164-48CF-9215-D1DA2253A47F}.Debug|Any CPU.ActiveCfg = Debug|Any CPU
		{1ADC0697-E164-48CF-9215-D1DA2253A47F}.Debug|Any CPU.Build.0 = Debug|Any CPU
		{1ADC0697-E164-48CF-9215-D1DA2253A47F}.Release|Any CPU.ActiveCfg = Release|Any CPU
		{1ADC0697-E164-48CF-9215-D1DA2253A47F}.Release|Any CPU.Build.0 = Release|Any CPU
		{75EBA316-1988-4F15-A254-71C08F933A69}.Debug|Any CPU.ActiveCfg = Debug|Any CPU
		{75EBA316-1988-4F15-A254-71C08F933A69}.Debug|Any CPU.Build.0 = Debug|Any CPU
		{75EBA316-1988-4F15-A254-71C08F933A69}.Release|Any CPU.ActiveCfg = Release|Any CPU
		{75EBA316-1988-4F15-A254-71C08F933A69}.Release|Any CPU.Build.0 = Release|Any CPU
		{89A06CAC-FEA3-4E48-99D2-D7D6E7E37AA7}.Debug|Any CPU.ActiveCfg = Debug|Any CPU
		{89A06CAC-FEA3-4E48-99D2-D7D6E7E37AA7}.Debug|Any CPU.Build.0 = Debug|Any CPU
		{89A06CAC-FEA3-4E48-99D2-D7D6E7E37AA7}.Release|Any CPU.ActiveCfg = Release|Any CPU
		{89A06CAC-FEA3-4E48-99D2-D7D6E7E37AA7}.Release|Any CPU.Build.0 = Release|Any CPU
		{03597B1B-1A16-44E7-BDF4-2BBA38F7A38A}.Debug|Any CPU.ActiveCfg = Debug|Any CPU
		{03597B1B-1A16-44E7-BDF4-2BBA38F7A38A}.Debug|Any CPU.Build.0 = Debug|Any CPU
		{03597B1B-1A16-44E7-BDF4-2BBA38F7A38A}.Release|Any CPU.ActiveCfg = Release|Any CPU
		{03597B1B-1A16-44E7-BDF4-2BBA38F7A38A}.Release|Any CPU.Build.0 = Release|Any CPU
	EndGlobalSection
	GlobalSection(SolutionProperties) = preSolution
		HideSolutionNode = FALSE
	EndGlobalSection
	GlobalSection(ExtensibilityGlobals) = postSolution
		SolutionGuid = {F5AD69C2-13A4-4C1D-AD6D-1A1182B6CCAE}
	EndGlobalSection
EndGlobal
